github.com/alex-shpak/hugo-book v0.0.0-20201114204016-a486adf8462c/go.mod h1:DvU1VD1ikK0ufuSgldRCwm4kVaEF0cQGdHUp16XjSVI=
github.com/uio-carpentry/organisational v0.0.0-20201218175109-6809905d0662/go.mod h1:6TwmbsLYkQyqM5C4mWHX+9mlMI6l5Ttb/qYFf6d34mI=
github.com/uio-carpentry/studyGroup v0.0.0-20200416124016-eebfbbee51b5/go.mod h1:aMtVc25OUFjmAd0jICVntt6ip12FLox+c89fatrj3ic=
