github.com/alex-shpak/hugo-book v0.0.0-20201223105150-e53a638b2c81 h1:+Xf3pgGs9B8nUMMQy80k2a1PKgEEBQ9fdcfxkJw5rQc=
github.com/alex-shpak/hugo-book v0.0.0-20201223105150-e53a638b2c81/go.mod h1:DvU1VD1ikK0ufuSgldRCwm4kVaEF0cQGdHUp16XjSVI=
github.com/uio-carpentry/organisational v0.0.0-20201221180334-531ca3ca8b34 h1:D/6QvXcH+hf6Swnk3OASZODLXM7vp1deL71zU2E5rZM=
github.com/uio-carpentry/organisational v0.0.0-20201221180334-531ca3ca8b34/go.mod h1:6TwmbsLYkQyqM5C4mWHX+9mlMI6l5Ttb/qYFf6d34mI=
